
Microsoft Visual Studio Solution File, Format Version 12.00
# Visual Studio Version 17
VisualStudioVersion = 17.3.32825.248
MinimumVisualStudioVersion = 10.0.40219.1
Project("{FAE04EC0-301F-11D3-BF4B-00C04F79EFBC}") = "ApiCloudTest", "ApiCloudTest.csproj", "{BB87E59B-568C-4C30-B341-E6103C551E43}"
EndProject
Global
	GlobalSection(SolutionConfigurationPlatforms) = preSolution
		Debug|Any CPU = Debug|Any CPU
		Release|Any CPU = Release|Any CPU
	EndGlobalSection
	GlobalSection(ProjectConfigurationPlatforms) = postSolution
		{BB87E59B-568C-4C30-B341-E6103C551E43}.Debug|Any CPU.ActiveCfg = Debug|Any CPU
		{BB87E59B-568C-4C30-B341-E6103C551E43}.Debug|Any CPU.Build.0 = Debug|Any CPU
		{BB87E59B-568C-4C30-B341-E6103C551E43}.Release|Any CPU.ActiveCfg = Release|Any CPU
		{BB87E59B-568C-4C30-B341-E6103C551E43}.Release|Any CPU.Build.0 = Release|Any CPU
	EndGlobalSection
	GlobalSection(SolutionProperties) = preSolution
		HideSolutionNode = FALSE
	EndGlobalSection
	GlobalSection(ExtensibilityGlobals) = postSolution
		SolutionGuid = {CD9FF335-CA95-48F7-9ACB-B86D90F9690E}
	EndGlobalSection
EndGlobal
